
Microsoft Visual Studio Solution File, Format Version 12.00
# Visual Studio 15
VisualStudioVersion = 15.0.28010.2041
MinimumVisualStudioVersion = 10.0.40219.1
Project("{E24C65DC-7377-472B-9ABA-BC803B73C61A}") = "ForsaWebsite", ".", "{5DD626FF-3C7E-4C26-A087-AAE496C7F15D}"
	ProjectSection(WebsiteProperties) = preProject
		TargetFrameworkMoniker = ".NETFramework,Version%3Dv4.0"
		Debug.AspNetCompiler.VirtualPath = "/localhost_65307"
		Debug.AspNetCompiler.PhysicalPath = "..\ForsaWebsite\"
		Debug.AspNetCompiler.TargetPath = "PrecompiledWeb\localhost_65307\"
		Debug.AspNetCompiler.Updateable = "true"
		Debug.AspNetCompiler.ForceOverwrite = "true"
		Debug.AspNetCompiler.FixedNames = "false"
		Debug.AspNetCompiler.Debug = "True"
		Release.AspNetCompiler.VirtualPath = "/localhost_65307"
		Release.AspNetCompiler.PhysicalPath = "..\ForsaWebsite\"
		Release.AspNetCompiler.TargetPath = "PrecompiledWeb\localhost_65307\"
		Release.AspNetCompiler.Updateable = "true"
		Release.AspNetCompiler.ForceOverwrite = "true"
		Release.AspNetCompiler.FixedNames = "false"
		Release.AspNetCompiler.Debug = "False"
		VWDPort = "65307"
		SlnRelativePath = "..\ForsaWebsite\"
	EndProjectSection
EndProject
Global
	GlobalSection(SolutionConfigurationPlatforms) = preSolution
		Debug|Any CPU = Debug|Any CPU
	EndGlobalSection
	GlobalSection(ProjectConfigurationPlatforms) = postSolution
		{5DD626FF-3C7E-4C26-A087-AAE496C7F15D}.Debug|Any CPU.ActiveCfg = Debug|Any CPU
		{5DD626FF-3C7E-4C26-A087-AAE496C7F15D}.Debug|Any CPU.Build.0 = Debug|Any CPU
	EndGlobalSection
	GlobalSection(SolutionProperties) = preSolution
		HideSolutionNode = FALSE
	EndGlobalSection
	GlobalSection(ExtensibilityGlobals) = postSolution
		SolutionGuid = {B2823B59-CEEA-49E8-B907-2C4F81BAD378}
	EndGlobalSection
EndGlobal
